
Microsoft Visual Studio Solution File, Format Version 12.00
# Visual Studio Version 16
VisualStudioVersion = 16.0.30204.135
MinimumVisualStudioVersion = 10.0.40219.1
Project("{FAE04EC0-301F-11D3-BF4B-00C04F79EFBC}") = "Quantic Explorer", "Quantic Explorer\Quantic Explorer.csproj", "{1834EE89-31E3-4469-857B-B6349B37352F}"
EndProject
Global
	GlobalSection(SolutionConfigurationPlatforms) = preSolution
		Debug|Any CPU = Debug|Any CPU
		Release|Any CPU = Release|Any CPU
	EndGlobalSection
	GlobalSection(ProjectConfigurationPlatforms) = postSolution
		{1834EE89-31E3-4469-857B-B6349B37352F}.Debug|Any CPU.ActiveCfg = Debug|Any CPU
		{1834EE89-31E3-4469-857B-B6349B37352F}.Debug|Any CPU.Build.0 = Debug|Any CPU
		{1834EE89-31E3-4469-857B-B6349B37352F}.Release|Any CPU.ActiveCfg = Release|Any CPU
		{1834EE89-31E3-4469-857B-B6349B37352F}.Release|Any CPU.Build.0 = Release|Any CPU
	EndGlobalSection
	GlobalSection(SolutionProperties) = preSolution
		HideSolutionNode = FALSE
	EndGlobalSection
	GlobalSection(ExtensibilityGlobals) = postSolution
		SolutionGuid = {EA2A6775-EEA8-4C19-825B-73F4EB3ACAC7}
	EndGlobalSection
EndGlobal
